
Microsoft Visual Studio Solution File, Format Version 12.00
# Visual Studio 15
VisualStudioVersion = 15.0.28307.1525
MinimumVisualStudioVersion = 10.0.40219.1
Project("{FAE04EC0-301F-11D3-BF4B-00C04F79EFBC}") = "LCMApp", "LCMApp\LCMApp.csproj", "{A7C9ED47-269D-4A27-B46D-680264A1FA5B}"
EndProject
Project("{8BC9CEB8-8B4A-11D0-8D11-00A0C91BC942}") = "CorelibProxy", "CorelibProxy\CorelibProxy.vcxproj", "{8577F79C-37DB-4B22-8EF0-0502BFE8284A}"
EndProject
Project("{8BC9CEB8-8B4A-11D0-8D11-00A0C91BC942}") = "CoreDB", "CoreDB\CoreDB.vcxproj", "{F25A5897-B8E5-458D-8250-CF98384F49FB}"
EndProject
Project("{8BC9CEB8-8B4A-11D0-8D11-00A0C91BC942}") = "CoreDrawManager", "CoreDrawManager\CoreDrawManager.vcxproj", "{EC69A33B-9D25-410B-AC1A-3CD794F3EEF8}"
EndProject
Project("{FAE04EC0-301F-11D3-BF4B-00C04F79EFBC}") = "CoreSQL", "CoreSQL\CoreSQL.csproj", "{045FB787-F790-4B8F-8EDB-CE855B954065}"
EndProject
Project("{2150E333-8FDC-42A3-9474-1A3956D46DE8}") = "CoreLib", "CoreLib", "{1AA533B4-D1B3-4B16-82B7-E582AD2A40F3}"
EndProject
Project("{2150E333-8FDC-42A3-9474-1A3956D46DE8}") = "KeyApi", "KeyApi", "{E0136154-1784-4C2B-9E25-B93ACE3AECE6}"
EndProject
Project("{FAE04EC0-301F-11D3-BF4B-00C04F79EFBC}") = "KeyGDI", "KeyGDI\KeyGDI.csproj", "{2FC121C4-2DE3-4AB4-9E28-2D49AC303626}"
EndProject
Project("{2150E333-8FDC-42A3-9474-1A3956D46DE8}") = "Apps", "Apps", "{B662F3A7-63E9-451A-8C47-97F75193DFB7}"
EndProject
Project("{8BC9CEB8-8B4A-11D0-8D11-00A0C91BC942}") = "KeyOSG", "KeyOSG\KeyOSG.vcxproj", "{D8B603D4-BD79-4737-A06A-14B2D58B65FA}"
EndProject
Project("{8BC9CEB8-8B4A-11D0-8D11-00A0C91BC942}") = "KeyOCC", "KeyOCC\KeyOCC.vcxproj", "{F82DA90C-88D6-4F68-B806-223842D4EC25}"
EndProject
Project("{8BC9CEB8-8B4A-11D0-8D11-00A0C91BC942}") = "KeyOperator", "KeyOperator\KeyOperator.vcxproj", "{FBA2298E-C23B-47CC-B022-48707AC9D7BF}"
EndProject
Project("{8BC9CEB8-8B4A-11D0-8D11-00A0C91BC942}") = "CoreAlgorithm", "CoreAlgorithm\CoreAlgorithm.vcxproj", "{DDA72146-C2A4-4F78-AF0C-7C6F1B310D8D}"
EndProject
Project("{8BC9CEB8-8B4A-11D0-8D11-00A0C91BC942}") = "KeyAlgorithm", "KeyAlgorithm\KeyAlgorithm.vcxproj", "{21B10E80-878C-4DB3-A8E1-53FC28E63780}"
EndProject
Project("{2150E333-8FDC-42A3-9474-1A3956D46DE8}") = "Proxy", "Proxy", "{1987840C-F9B6-46FF-A94B-429E72F89D59}"
EndProject
Global
	GlobalSection(SolutionConfigurationPlatforms) = preSolution
		Debug|Any CPU = Debug|Any CPU
		Debug|x64 = Debug|x64
		Debug|x86 = Debug|x86
		Release|Any CPU = Release|Any CPU
		Release|x64 = Release|x64
		Release|x86 = Release|x86
	EndGlobalSection
	GlobalSection(ProjectConfigurationPlatforms) = postSolution
		{A7C9ED47-269D-4A27-B46D-680264A1FA5B}.Debug|Any CPU.ActiveCfg = Debug|Any CPU
		{A7C9ED47-269D-4A27-B46D-680264A1FA5B}.Debug|Any CPU.Build.0 = Debug|Any CPU
		{A7C9ED47-269D-4A27-B46D-680264A1FA5B}.Debug|x64.ActiveCfg = Debug|Any CPU
		{A7C9ED47-269D-4A27-B46D-680264A1FA5B}.Debug|x64.Build.0 = Debug|Any CPU
		{A7C9ED47-269D-4A27-B46D-680264A1FA5B}.Debug|x86.ActiveCfg = Debug|Any CPU
		{A7C9ED47-269D-4A27-B46D-680264A1FA5B}.Debug|x86.Build.0 = Debug|Any CPU
		{A7C9ED47-269D-4A27-B46D-680264A1FA5B}.Release|Any CPU.ActiveCfg = Release|Any CPU
		{A7C9ED47-269D-4A27-B46D-680264A1FA5B}.Release|Any CPU.Build.0 = Release|Any CPU
		{A7C9ED47-269D-4A27-B46D-680264A1FA5B}.Release|x64.ActiveCfg = Release|Any CPU
		{A7C9ED47-269D-4A27-B46D-680264A1FA5B}.Release|x64.Build.0 = Release|Any CPU
		{A7C9ED47-269D-4A27-B46D-680264A1FA5B}.Release|x86.ActiveCfg = Release|Any CPU
		{A7C9ED47-269D-4A27-B46D-680264A1FA5B}.Release|x86.Build.0 = Release|Any CPU
		{8577F79C-37DB-4B22-8EF0-0502BFE8284A}.Debug|Any CPU.ActiveCfg = Debug|Win32
		{8577F79C-37DB-4B22-8EF0-0502BFE8284A}.Debug|x64.ActiveCfg = Debug|x64
		{8577F79C-37DB-4B22-8EF0-0502BFE8284A}.Debug|x64.Build.0 = Debug|x64
		{8577F79C-37DB-4B22-8EF0-0502BFE8284A}.Debug|x86.ActiveCfg = Debug|Win32
		{8577F79C-37DB-4B22-8EF0-0502BFE8284A}.Debug|x86.Build.0 = Debug|Win32
		{8577F79C-37DB-4B22-8EF0-0502BFE8284A}.Release|Any CPU.ActiveCfg = Release|Win32
		{8577F79C-37DB-4B22-8EF0-0502BFE8284A}.Release|x64.ActiveCfg = Release|x64
		{8577F79C-37DB-4B22-8EF0-0502BFE8284A}.Release|x64.Build.0 = Release|x64
		{8577F79C-37DB-4B22-8EF0-0502BFE8284A}.Release|x86.ActiveCfg = Release|Win32
		{8577F79C-37DB-4B22-8EF0-0502BFE8284A}.Release|x86.Build.0 = Release|Win32
		{F25A5897-B8E5-458D-8250-CF98384F49FB}.Debug|Any CPU.ActiveCfg = Debug|Win32
		{F25A5897-B8E5-458D-8250-CF98384F49FB}.Debug|x64.ActiveCfg = Debug|x64
		{F25A5897-B8E5-458D-8250-CF98384F49FB}.Debug|x64.Build.0 = Debug|x64
		{F25A5897-B8E5-458D-8250-CF98384F49FB}.Debug|x86.ActiveCfg = Debug|Win32
		{F25A5897-B8E5-458D-8250-CF98384F49FB}.Debug|x86.Build.0 = Debug|Win32
		{F25A5897-B8E5-458D-8250-CF98384F49FB}.Release|Any CPU.ActiveCfg = Release|Win32
		{F25A5897-B8E5-458D-8250-CF98384F49FB}.Release|x64.ActiveCfg = Release|x64
		{F25A5897-B8E5-458D-8250-CF98384F49FB}.Release|x64.Build.0 = Release|x64
		{F25A5897-B8E5-458D-8250-CF98384F49FB}.Release|x86.ActiveCfg = Release|Win32
		{F25A5897-B8E5-458D-8250-CF98384F49FB}.Release|x86.Build.0 = Release|Win32
		{EC69A33B-9D25-410B-AC1A-3CD794F3EEF8}.Debug|Any CPU.ActiveCfg = Debug|Win32
		{EC69A33B-9D25-410B-AC1A-3CD794F3EEF8}.Debug|x64.ActiveCfg = Debug|x64
		{EC69A33B-9D25-410B-AC1A-3CD794F3EEF8}.Debug|x64.Build.0 = Debug|x64
		{EC69A33B-9D25-410B-AC1A-3CD794F3EEF8}.Debug|x86.ActiveCfg = Debug|Win32
		{EC69A33B-9D25-410B-AC1A-3CD794F3EEF8}.Debug|x86.Build.0 = Debug|Win32
		{EC69A33B-9D25-410B-AC1A-3CD794F3EEF8}.Release|Any CPU.ActiveCfg = Release|Win32
		{EC69A33B-9D25-410B-AC1A-3CD794F3EEF8}.Release|x64.ActiveCfg = Release|x64
		{EC69A33B-9D25-410B-AC1A-3CD794F3EEF8}.Release|x64.Build.0 = Release|x64
		{EC69A33B-9D25-410B-AC1A-3CD794F3EEF8}.Release|x86.ActiveCfg = Release|Win32
		{EC69A33B-9D25-410B-AC1A-3CD794F3EEF8}.Release|x86.Build.0 = Release|Win32
		{045FB787-F790-4B8F-8EDB-CE855B954065}.Debug|Any CPU.ActiveCfg = Debug|Any CPU
		{045FB787-F790-4B8F-8EDB-CE855B954065}.Debug|Any CPU.Build.0 = Debug|Any CPU
		{045FB787-F790-4B8F-8EDB-CE855B954065}.Debug|x64.ActiveCfg = Debug|Any CPU
		{045FB787-F790-4B8F-8EDB-CE855B954065}.Debug|x64.Build.0 = Debug|Any CPU
		{045FB787-F790-4B8F-8EDB-CE855B954065}.Debug|x86.ActiveCfg = Debug|Any CPU
		{045FB787-F790-4B8F-8EDB-CE855B954065}.Debug|x86.Build.0 = Debug|Any CPU
		{045FB787-F790-4B8F-8EDB-CE855B954065}.Release|Any CPU.ActiveCfg = Release|Any CPU
		{045FB787-F790-4B8F-8EDB-CE855B954065}.Release|Any CPU.Build.0 = Release|Any CPU
		{045FB787-F790-4B8F-8EDB-CE855B954065}.Release|x64.ActiveCfg = Release|Any CPU
		{045FB787-F790-4B8F-8EDB-CE855B954065}.Release|x64.Build.0 = Release|Any CPU
		{045FB787-F790-4B8F-8EDB-CE855B954065}.Release|x86.ActiveCfg = Release|Any CPU
		{045FB787-F790-4B8F-8EDB-CE855B954065}.Release|x86.Build.0 = Release|Any CPU
		{2FC121C4-2DE3-4AB4-9E28-2D49AC303626}.Debug|Any CPU.ActiveCfg = Debug|Any CPU
		{2FC121C4-2DE3-4AB4-9E28-2D49AC303626}.Debug|Any CPU.Build.0 = Debug|Any CPU
		{2FC121C4-2DE3-4AB4-9E28-2D49AC303626}.Debug|x64.ActiveCfg = Debug|Any CPU
		{2FC121C4-2DE3-4AB4-9E28-2D49AC303626}.Debug|x64.Build.0 = Debug|Any CPU
		{2FC121C4-2DE3-4AB4-9E28-2D49AC303626}.Debug|x86.ActiveCfg = Debug|Any CPU
		{2FC121C4-2DE3-4AB4-9E28-2D49AC303626}.Debug|x86.Build.0 = Debug|Any CPU
		{2FC121C4-2DE3-4AB4-9E28-2D49AC303626}.Release|Any CPU.ActiveCfg = Release|Any CPU
		{2FC121C4-2DE3-4AB4-9E28-2D49AC303626}.Release|Any CPU.Build.0 = Release|Any CPU
		{2FC121C4-2DE3-4AB4-9E28-2D49AC303626}.Release|x64.ActiveCfg = Release|Any CPU
		{2FC121C4-2DE3-4AB4-9E28-2D49AC303626}.Release|x64.Build.0 = Release|Any CPU
		{2FC121C4-2DE3-4AB4-9E28-2D49AC303626}.Release|x86.ActiveCfg = Release|Any CPU
		{2FC121C4-2DE3-4AB4-9E28-2D49AC303626}.Release|x86.Build.0 = Release|Any CPU
		{D8B603D4-BD79-4737-A06A-14B2D58B65FA}.Debug|Any CPU.ActiveCfg = Debug|Win32
		{D8B603D4-BD79-4737-A06A-14B2D58B65FA}.Debug|x64.ActiveCfg = Debug|x64
		{D8B603D4-BD79-4737-A06A-14B2D58B65FA}.Debug|x64.Build.0 = Debug|x64
		{D8B603D4-BD79-4737-A06A-14B2D58B65FA}.Debug|x86.ActiveCfg = Debug|Win32
		{D8B603D4-BD79-4737-A06A-14B2D58B65FA}.Debug|x86.Build.0 = Debug|Win32
		{D8B603D4-BD79-4737-A06A-14B2D58B65FA}.Release|Any CPU.ActiveCfg = Release|Win32
		{D8B603D4-BD79-4737-A06A-14B2D58B65FA}.Release|x64.ActiveCfg = Release|x64
		{D8B603D4-BD79-4737-A06A-14B2D58B65FA}.Release|x64.Build.0 = Release|x64
		{D8B603D4-BD79-4737-A06A-14B2D58B65FA}.Release|x86.ActiveCfg = Release|Win32
		{D8B603D4-BD79-4737-A06A-14B2D58B65FA}.Release|x86.Build.0 = Release|Win32
		{F82DA90C-88D6-4F68-B806-223842D4EC25}.Debug|Any CPU.ActiveCfg = Debug|Win32
		{F82DA90C-88D6-4F68-B806-223842D4EC25}.Debug|x64.ActiveCfg = Debug|x64
		{F82DA90C-88D6-4F68-B806-223842D4EC25}.Debug|x64.Build.0 = Debug|x64
		{F82DA90C-88D6-4F68-B806-223842D4EC25}.Debug|x86.ActiveCfg = Debug|Win32
		{F82DA90C-88D6-4F68-B806-223842D4EC25}.Debug|x86.Build.0 = Debug|Win32
		{F82DA90C-88D6-4F68-B806-223842D4EC25}.Release|Any CPU.ActiveCfg = Release|Win32
		{F82DA90C-88D6-4F68-B806-223842D4EC25}.Release|x64.ActiveCfg = Release|x64
		{F82DA90C-88D6-4F68-B806-223842D4EC25}.Release|x64.Build.0 = Release|x64
		{F82DA90C-88D6-4F68-B806-223842D4EC25}.Release|x86.ActiveCfg = Release|Win32
		{F82DA90C-88D6-4F68-B806-223842D4EC25}.Release|x86.Build.0 = Release|Win32
		{FBA2298E-C23B-47CC-B022-48707AC9D7BF}.Debug|Any CPU.ActiveCfg = Debug|Win32
		{FBA2298E-C23B-47CC-B022-48707AC9D7BF}.Debug|x64.ActiveCfg = Debug|x64
		{FBA2298E-C23B-47CC-B022-48707AC9D7BF}.Debug|x64.Build.0 = Debug|x64
		{FBA2298E-C23B-47CC-B022-48707AC9D7BF}.Debug|x86.ActiveCfg = Debug|Win32
		{FBA2298E-C23B-47CC-B022-48707AC9D7BF}.Debug|x86.Build.0 = Debug|Win32
		{FBA2298E-C23B-47CC-B022-48707AC9D7BF}.Release|Any CPU.ActiveCfg = Release|Win32
		{FBA2298E-C23B-47CC-B022-48707AC9D7BF}.Release|x64.ActiveCfg = Release|x64
		{FBA2298E-C23B-47CC-B022-48707AC9D7BF}.Release|x64.Build.0 = Release|x64
		{FBA2298E-C23B-47CC-B022-48707AC9D7BF}.Release|x86.ActiveCfg = Release|Win32
		{FBA2298E-C23B-47CC-B022-48707AC9D7BF}.Release|x86.Build.0 = Release|Win32
		{DDA72146-C2A4-4F78-AF0C-7C6F1B310D8D}.Debug|Any CPU.ActiveCfg = Debug|Win32
		{DDA72146-C2A4-4F78-AF0C-7C6F1B310D8D}.Debug|x64.ActiveCfg = Debug|x64
		{DDA72146-C2A4-4F78-AF0C-7C6F1B310D8D}.Debug|x64.Build.0 = Debug|x64
		{DDA72146-C2A4-4F78-AF0C-7C6F1B310D8D}.Debug|x86.ActiveCfg = Debug|Win32
		{DDA72146-C2A4-4F78-AF0C-7C6F1B310D8D}.Debug|x86.Build.0 = Debug|Win32
		{DDA72146-C2A4-4F78-AF0C-7C6F1B310D8D}.Release|Any CPU.ActiveCfg = Release|Win32
		{DDA72146-C2A4-4F78-AF0C-7C6F1B310D8D}.Release|x64.ActiveCfg = Release|x64
		{DDA72146-C2A4-4F78-AF0C-7C6F1B310D8D}.Release|x64.Build.0 = Release|x64
		{DDA72146-C2A4-4F78-AF0C-7C6F1B310D8D}.Release|x86.ActiveCfg = Release|Win32
		{DDA72146-C2A4-4F78-AF0C-7C6F1B310D8D}.Release|x86.Build.0 = Release|Win32
		{21B10E80-878C-4DB3-A8E1-53FC28E63780}.Debug|Any CPU.ActiveCfg = Debug|Win32
		{21B10E80-878C-4DB3-A8E1-53FC28E63780}.Debug|x64.ActiveCfg = Debug|x64
		{21B10E80-878C-4DB3-A8E1-53FC28E63780}.Debug|x64.Build.0 = Debug|x64
		{21B10E80-878C-4DB3-A8E1-53FC28E63780}.Debug|x86.ActiveCfg = Debug|Win32
		{21B10E80-878C-4DB3-A8E1-53FC28E63780}.Debug|x86.Build.0 = Debug|Win32
		{21B10E80-878C-4DB3-A8E1-53FC28E63780}.Release|Any CPU.ActiveCfg = Release|Win32
		{21B10E80-878C-4DB3-A8E1-53FC28E63780}.Release|x64.ActiveCfg = Release|x64
		{21B10E80-878C-4DB3-A8E1-53FC28E63780}.Release|x64.Build.0 = Release|x64
		{21B10E80-878C-4DB3-A8E1-53FC28E63780}.Release|x86.ActiveCfg = Release|Win32
		{21B10E80-878C-4DB3-A8E1-53FC28E63780}.Release|x86.Build.0 = Release|Win32
	EndGlobalSection
	GlobalSection(SolutionProperties) = preSolution
		HideSolutionNode = FALSE
	EndGlobalSection
	GlobalSection(NestedProjects) = preSolution
		{A7C9ED47-269D-4A27-B46D-680264A1FA5B} = {B662F3A7-63E9-451A-8C47-97F75193DFB7}
		{8577F79C-37DB-4B22-8EF0-0502BFE8284A} = {1987840C-F9B6-46FF-A94B-429E72F89D59}
		{F25A5897-B8E5-458D-8250-CF98384F49FB} = {1AA533B4-D1B3-4B16-82B7-E582AD2A40F3}
		{EC69A33B-9D25-410B-AC1A-3CD794F3EEF8} = {1AA533B4-D1B3-4B16-82B7-E582AD2A40F3}
		{045FB787-F790-4B8F-8EDB-CE855B954065} = {1AA533B4-D1B3-4B16-82B7-E582AD2A40F3}
		{2FC121C4-2DE3-4AB4-9E28-2D49AC303626} = {E0136154-1784-4C2B-9E25-B93ACE3AECE6}
		{D8B603D4-BD79-4737-A06A-14B2D58B65FA} = {E0136154-1784-4C2B-9E25-B93ACE3AECE6}
		{F82DA90C-88D6-4F68-B806-223842D4EC25} = {E0136154-1784-4C2B-9E25-B93ACE3AECE6}
		{FBA2298E-C23B-47CC-B022-48707AC9D7BF} = {E0136154-1784-4C2B-9E25-B93ACE3AECE6}
		{DDA72146-C2A4-4F78-AF0C-7C6F1B310D8D} = {1AA533B4-D1B3-4B16-82B7-E582AD2A40F3}
		{21B10E80-878C-4DB3-A8E1-53FC28E63780} = {E0136154-1784-4C2B-9E25-B93ACE3AECE6}
	EndGlobalSection
	GlobalSection(ExtensibilityGlobals) = postSolution
		SolutionGuid = {D655E051-6EEA-4D12-A2C3-5F3EA056270F}
	EndGlobalSection
EndGlobal
